// !$*UTF8*$!
{
	archiveVersion = 1;
	classes = {
	};
	objectVersion = 56;
	objects = {

/* Begin PBXBuildFile section */
		A22F758D2DDD067600EA0C28 /* processDevice2App.swift in Sources */ = {isa = PBXBuildFile; fileRef = A22F758C2DDD067600EA0C28 /* processDevice2App.swift */; };
		A22F758F2DDD067600EA0C28 /* ContentView.swift in Sources */ = {isa = PBXBuildFile; fileRef = A22F758E2DDD067600EA0C28 /* ContentView.swift */; };
		A22F75912DDD067900EA0C28 /* Assets.xcassets in Resources */ = {isa = PBXBuildFile; fileRef = A22F75902DDD067900EA0C28 /* Assets.xcassets */; };
		A22F75942DDD067900EA0C28 /* Preview Assets.xcassets in Resources */ = {isa = PBXBuildFile; fileRef = A22F75932DDD067900EA0C28 /* Preview Assets.xcassets */; };
		A22F759B2DDD083100EA0C28 /* LandingView.swift in Sources */ = {isa = PBXBuildFile; fileRef = A22F759A2DDD083100EA0C28 /* LandingView.swift */; };
		A22F759F2DDD089B00EA0C28 /* SubmitView.swift in Sources */ = {isa = PBXBuildFile; fileRef = A22F759E2DDD089B00EA0C28 /* SubmitView.swift */; };
		F6EFAD0D1C7F6C6E023DE5CA /* Pods_processDevice2.framework in Frameworks */ = {isa = PBXBuildFile; fileRef = F0C0757B73B9438E8CE282EB /* Pods_processDevice2.framework */; };
/* End PBXBuildFile section */

/* Begin PBXFileReference section */
		3838CB5D70A23779F8918157 /* Pods-processDevice2.release.xcconfig */ = {isa = PBXFileReference; includeInIndex = 1; lastKnownFileType = text.xcconfig; name = "Pods-processDevice2.release.xcconfig"; path = "Target Support Files/Pods-processDevice2/Pods-processDevice2.release.xcconfig"; sourceTree = "<group>"; };
		5D177804843C66B430480C4D /* Pods-processDevice2.debug.xcconfig */ = {isa = PBXFileReference; includeInIndex = 1; lastKnownFileType = text.xcconfig; name = "Pods-processDevice2.debug.xcconfig"; path = "Target Support Files/Pods-processDevice2/Pods-processDevice2.debug.xcconfig"; sourceTree = "<group>"; };
		A22F75892DDD067600EA0C28 /* processDevice2.app */ = {isa = PBXFileReference; explicitFileType = wrapper.application; includeInIndex = 0; path = processDevice2.app; sourceTree = BUILT_PRODUCTS_DIR; };
		A22F758C2DDD067600EA0C28 /* processDevice2App.swift */ = {isa = PBXFileReference; lastKnownFileType = sourcecode.swift; path = processDevice2App.swift; sourceTree = "<group>"; };
		A22F758E2DDD067600EA0C28 /* ContentView.swift */ = {isa = PBXFileReference; lastKnownFileType = sourcecode.swift; path = ContentView.swift; sourceTree = "<group>"; };
		A22F75902DDD067900EA0C28 /* Assets.xcassets */ = {isa = PBXFileReference; lastKnownFileType = folder.assetcatalog; path = Assets.xcassets; sourceTree = "<group>"; };
		A22F75932DDD067900EA0C28 /* Preview Assets.xcassets */ = {isa = PBXFileReference; lastKnownFileType = folder.assetcatalog; path = "Preview Assets.xcassets"; sourceTree = "<group>"; };
		A22F759A2DDD083100EA0C28 /* LandingView.swift */ = {isa = PBXFileReference; lastKnownFileType = sourcecode.swift; path = LandingView.swift; sourceTree = "<group>"; };
		A22F759E2DDD089B00EA0C28 /* SubmitView.swift */ = {isa = PBXFileReference; lastKnownFileType = sourcecode.swift; path = SubmitView.swift; sourceTree = "<group>"; };
		F0C0757B73B9438E8CE282EB /* Pods_processDevice2.framework */ = {isa = PBXFileReference; explicitFileType = wrapper.framework; includeInIndex = 0; path = Pods_processDevice2.framework; sourceTree = BUILT_PRODUCTS_DIR; };
/* End PBXFileReference section */

/* Begin PBXFrameworksBuildPhase section */
		A22F75862DDD067600EA0C28 /* Frameworks */ = {
			isa = PBXFrameworksBuildPhase;
			buildActionMask = 2147483647;
			files = (
				F6EFAD0D1C7F6C6E023DE5CA /* Pods_processDevice2.framework in Frameworks */,
			);
			runOnlyForDeploymentPostprocessing = 0;
		};
/* End PBXFrameworksBuildPhase section */

/* Begin PBXGroup section */
		6E9E52CE40525C49AD775C97 /* Frameworks */ = {
			isa = PBXGroup;
			children = (
				F0C0757B73B9438E8CE282EB /* Pods_processDevice2.framework */,
			);
			name = Frameworks;
			sourceTree = "<group>";
		};
		84169236DB6E02BA29B0EBC8 /* Pods */ = {
			isa = PBXGroup;
			children = (
				5D177804843C66B430480C4D /* Pods-processDevice2.debug.xcconfig */,
				3838CB5D70A23779F8918157 /* Pods-processDevice2.release.xcconfig */,
			);
			path = Pods;
			sourceTree = "<group>";
		};
		A22F75802DDD067600EA0C28 = {
			isa = PBXGroup;
			children = (
				A22F758B2DDD067600EA0C28 /* processDevice2 */,
				A22F758A2DDD067600EA0C28 /* Products */,
				84169236DB6E02BA29B0EBC8 /* Pods */,
				6E9E52CE40525C49AD775C97 /* Frameworks */,
			);
			sourceTree = "<group>";
		};
		A22F758A2DDD067600EA0C28 /* Products */ = {
			isa = PBXGroup;
			children = (
				A22F75892DDD067600EA0C28 /* processDevice2.app */,
			);
			name = Products;
			sourceTree = "<group>";
		};
		A22F758B2DDD067600EA0C28 /* processDevice2 */ = {
			isa = PBXGroup;
			children = (
				A22F758C2DDD067600EA0C28 /* processDevice2App.swift */,
				A22F758E2DDD067600EA0C28 /* ContentView.swift */,
				A22F75902DDD067900EA0C28 /* Assets.xcassets */,
				A22F759A2DDD083100EA0C28 /* LandingView.swift */,
				A22F759E2DDD089B00EA0C28 /* SubmitView.swift */,
				A22F75922DDD067900EA0C28 /* Preview Content */,
			);
			path = processDevice2;
			sourceTree = "<group>";
		};
		A22F75922DDD067900EA0C28 /* Preview Content */ = {
			isa = PBXGroup;
			children = (
				A22F75932DDD067900EA0C28 /* Preview Assets.xcassets */,
			);
			path = "Preview Content";
			sourceTree = "<group>";
		};
/* End PBXGroup section */

/* Begin PBXNativeTarget section */
		A22F75882DDD067600EA0C28 /* processDevice2 */ = {
			isa = PBXNativeTarget;
			buildConfigurationList = A22F75972DDD067900EA0C28 /* Build configuration list for PBXNativeTarget "processDevice2" */;
			buildPhases = (
				0147F8179C57325AF97603C0 /* [CP] Check Pods Manifest.lock */,
				A22F75852DDD067600EA0C28 /* Sources */,
				A22F75862DDD067600EA0C28 /* Frameworks */,
				A22F75872DDD067600EA0C28 /* Resources */,
				2162DF59C94B10BDB510A816 /* [CP] Copy Pods Resources */,
			);
			buildRules = (
			);
			dependencies = (
			);
			name = processDevice2;
			productName = processDevice2;
			productReference = A22F75892DDD067600EA0C28 /* processDevice2.app */;
			productType = "com.apple.product-type.application";
		};
/* End PBXNativeTarget section */

/* Begin PBXProject section */
		A22F75812DDD067600EA0C28 /* Project object */ = {
			isa = PBXProject;
			attributes = {
				BuildIndependentTargetsInParallel = 1;
				LastSwiftUpdateCheck = 1530;
				LastUpgradeCheck = 1530;
				TargetAttributes = {
					A22F75882DDD067600EA0C28 = {
						CreatedOnToolsVersion = 15.3;
					};
				};
			};
			buildConfigurationList = A22F75842DDD067600EA0C28 /* Build configuration list for PBXProject "processDevice2" */;
			compatibilityVersion = "Xcode 14.0";
			developmentRegion = en;
			hasScannedForEncodings = 0;
			knownRegions = (
				en,
				Base,
			);
			mainGroup = A22F75802DDD067600EA0C28;
			productRefGroup = A22F758A2DDD067600EA0C28 /* Products */;
			projectDirPath = "";
			projectRoot = "";
			targets = (
				A22F75882DDD067600EA0C28 /* processDevice2 */,
			);
		};
/* End PBXProject section */

/* Begin PBXResourcesBuildPhase section */
		A22F75872DDD067600EA0C28 /* Resources */ = {
			isa = PBXResourcesBuildPhase;
			buildActionMask = 2147483647;
			files = (
				A22F75942DDD067900EA0C28 /* Preview Assets.xcassets in Resources */,
				A22F75912DDD067900EA0C28 /* Assets.xcassets in Resources */,
			);
			runOnlyForDeploymentPostprocessing = 0;
		};
/* End PBXResourcesBuildPhase section */

/* Begin PBXShellScriptBuildPhase section */
		0147F8179C57325AF97603C0 /* [CP] Check Pods Manifest.lock */ = {
			isa = PBXShellScriptBuildPhase;
			buildActionMask = 2147483647;
			files = (
			);
			inputFileListPaths = (
			);
			inputPaths = (
				"${PODS_PODFILE_DIR_PATH}/Podfile.lock",
				"${PODS_ROOT}/Manifest.lock",
			);
			name = "[CP] Check Pods Manifest.lock";
			outputFileListPaths = (
			);
			outputPaths = (
				"$(DERIVED_FILE_DIR)/Pods-processDevice2-checkManifestLockResult.txt",
			);
			runOnlyForDeploymentPostprocessing = 0;
			shellPath = /bin/sh;
			shellScript = "diff \"${PODS_PODFILE_DIR_PATH}/Podfile.lock\" \"${PODS_ROOT}/Manifest.lock\" > /dev/null\nif [ $? != 0 ] ; then\n    # print error to STDERR\n    echo \"error: The sandbox is not in sync with the Podfile.lock. Run 'pod install' or update your CocoaPods installation.\" >&2\n    exit 1\nfi\n# This output is used by Xcode 'outputs' to avoid re-running this script phase.\necho \"SUCCESS\" > \"${SCRIPT_OUTPUT_FILE_0}\"\n";
			showEnvVarsInLog = 0;
		};
		2162DF59C94B10BDB510A816 /* [CP] Copy Pods Resources */ = {
			isa = PBXShellScriptBuildPhase;
			buildActionMask = 2147483647;
			files = (
			);
			inputFileListPaths = (
				"${PODS_ROOT}/Target Support Files/Pods-processDevice2/Pods-processDevice2-resources-${CONFIGURATION}-input-files.xcfilelist",
			);
			name = "[CP] Copy Pods Resources";
			outputFileListPaths = (
				"${PODS_ROOT}/Target Support Files/Pods-processDevice2/Pods-processDevice2-resources-${CONFIGURATION}-output-files.xcfilelist",
			);
			runOnlyForDeploymentPostprocessing = 0;
			shellPath = /bin/sh;
			shellScript = "\"${PODS_ROOT}/Target Support Files/Pods-processDevice2/Pods-processDevice2-resources.sh\"\n";
			showEnvVarsInLog = 0;
		};
/* End PBXShellScriptBuildPhase section */

/* Begin PBXSourcesBuildPhase section */
		A22F75852DDD067600EA0C28 /* Sources */ = {
			isa = PBXSourcesBuildPhase;
			buildActionMask = 2147483647;
			files = (
				A22F759B2DDD083100EA0C28 /* LandingView.swift in Sources */,
				A22F759F2DDD089B00EA0C28 /* SubmitView.swift in Sources */,
				A22F758F2DDD067600EA0C28 /* ContentView.swift in Sources */,
				A22F758D2DDD067600EA0C28 /* processDevice2App.swift in Sources */,
			);
			runOnlyForDeploymentPostprocessing = 0;
		};
/* End PBXSourcesBuildPhase section */

/* Begin XCBuildConfiguration section */
		A22F75952DDD067900EA0C28 /* Debug */ = {
			isa = XCBuildConfiguration;
			buildSettings = {
				ALWAYS_SEARCH_USER_PATHS = NO;
				ASSETCATALOG_COMPILER_GENERATE_SWIFT_ASSET_SYMBOL_EXTENSIONS = YES;
				CLANG_ANALYZER_NONNULL = YES;
				CLANG_ANALYZER_NUMBER_OBJECT_CONVERSION = YES_AGGRESSIVE;
				CLANG_CXX_LANGUAGE_STANDARD = "gnu++20";
				CLANG_ENABLE_MODULES = YES;
				CLANG_ENABLE_OBJC_ARC = YES;
				CLANG_ENABLE_OBJC_WEAK = YES;
				CLANG_WARN_BLOCK_CAPTURE_AUTORELEASING = YES;
				CLANG_WARN_BOOL_CONVERSION = YES;
				CLANG_WARN_COMMA = YES;
				CLANG_WARN_CONSTANT_CONVERSION = YES;
				CLANG_WARN_DEPRECATED_OBJC_IMPLEMENTATIONS = YES;
				CLANG_WARN_DIRECT_OBJC_ISA_USAGE = YES_ERROR;
				CLANG_WARN_DOCUMENTATION_COMMENTS = YES;
				CLANG_WARN_EMPTY_BODY = YES;
				CLANG_WARN_ENUM_CONVERSION = YES;
				CLANG_WARN_INFINITE_RECURSION = YES;
				CLANG_WARN_INT_CONVERSION = YES;
				CLANG_WARN_NON_LITERAL_NULL_CONVERSION = YES;
				CLANG_WARN_OBJC_IMPLICIT_RETAIN_SELF = YES;
				CLANG_WARN_OBJC_LITERAL_CONVERSION = YES;
				CLANG_WARN_OBJC_ROOT_CLASS = YES_ERROR;
				CLANG_WARN_QUOTED_INCLUDE_IN_FRAMEWORK_HEADER = YES;
				CLANG_WARN_RANGE_LOOP_ANALYSIS = YES;
				CLANG_WARN_STRICT_PROTOTYPES = YES;
				CLANG_WARN_SUSPICIOUS_MOVE = YES;
				CLANG_WARN_UNGUARDED_AVAILABILITY = YES_AGGRESSIVE;
				CLANG_WARN_UNREACHABLE_CODE = YES;
				CLANG_WARN__DUPLICATE_METHOD_MATCH = YES;
				COPY_PHASE_STRIP = NO;
				DEBUG_INFORMATION_FORMAT = dwarf;
				ENABLE_STRICT_OBJC_MSGSEND = YES;
				ENABLE_TESTABILITY = YES;
				ENABLE_USER_SCRIPT_SANDBOXING = YES;
				GCC_C_LANGUAGE_STANDARD = gnu17;
				GCC_DYNAMIC_NO_PIC = NO;
				GCC_NO_COMMON_BLOCKS = YES;
				GCC_OPTIMIZATION_LEVEL = 0;
				GCC_PREPROCESSOR_DEFINITIONS = (
					"DEBUG=1",
					"$(inherited)",
				);
				GCC_WARN_64_TO_32_BIT_CONVERSION = YES;
				GCC_WARN_ABOUT_RETURN_TYPE = YES_ERROR;
				GCC_WARN_UNDECLARED_SELECTOR = YES;
				GCC_WARN_UNINITIALIZED_AUTOS = YES_AGGRESSIVE;
				GCC_WARN_UNUSED_FUNCTION = YES;
				GCC_WARN_UNUSED_VARIABLE = YES;
				IPHONEOS_DEPLOYMENT_TARGET = 17.4;
				LOCALIZATION_PREFERS_STRING_CATALOGS = YES;
				MTL_ENABLE_DEBUG_INFO = INCLUDE_SOURCE;
				MTL_FAST_MATH = YES;
				ONLY_ACTIVE_ARCH = YES;
				SDKROOT = iphoneos;
				SWIFT_ACTIVE_COMPILATION_CONDITIONS = "DEBUG $(inherited)";
				SWIFT_OPTIMIZATION_LEVEL = "-Onone";
			};
			name = Debug;
		};
		A22F75962DDD067900EA0C28 /* Release */ = {
			isa = XCBuildConfiguration;
			buildSettings = {
				ALWAYS_SEARCH_USER_PATHS = NO;
				ASSETCATALOG_COMPILER_GENERATE_SWIFT_ASSET_SYMBOL_EXTENSIONS = YES;
				CLANG_ANALYZER_NONNULL = YES;
				CLANG_ANALYZER_NUMBER_OBJECT_CONVERSION = YES_AGGRESSIVE;
				CLANG_CXX_LANGUAGE_STANDARD = "gnu++20";
				CLANG_ENABLE_MODULES = YES;
				CLANG_ENABLE_OBJC_ARC = YES;
				CLANG_ENABLE_OBJC_WEAK = YES;
				CLANG_WARN_BLOCK_CAPTURE_AUTORELEASING = YES;
				CLANG_WARN_BOOL_CONVERSION = YES;
				CLANG_WARN_COMMA = YES;
				CLANG_WARN_CONSTANT_CONVERSION = YES;
				CLANG_WARN_DEPRECATED_OBJC_IMPLEMENTATIONS = YES;
				CLANG_WARN_DIRECT_OBJC_ISA_USAGE = YES_ERROR;
				CLANG_WARN_DOCUMENTATION_COMMENTS = YES;
				CLANG_WARN_EMPTY_BODY = YES;
				CLANG_WARN_ENUM_CONVERSION = YES;
				CLANG_WARN_INFINITE_RECURSION = YES;
				CLANG_WARN_INT_CONVERSION = YES;
				CLANG_WARN_NON_LITERAL_NULL_CONVERSION = YES;
				CLANG_WARN_OBJC_IMPLICIT_RETAIN_SELF = YES;
				CLANG_WARN_OBJC_LITERAL_CONVERSION = YES;
				CLANG_WARN_OBJC_ROOT_CLASS = YES_ERROR;
				CLANG_WARN_QUOTED_INCLUDE_IN_FRAMEWORK_HEADER = YES;
				CLANG_WARN_RANGE_LOOP_ANALYSIS = YES;
				CLANG_WARN_STRICT_PROTOTYPES = YES;
				CLANG_WARN_SUSPICIOUS_MOVE = YES;
				CLANG_WARN_UNGUARDED_AVAILABILITY = YES_AGGRESSIVE;
				CLANG_WARN_UNREACHABLE_CODE = YES;
				CLANG_WARN__DUPLICATE_METHOD_MATCH = YES;
				COPY_PHASE_STRIP = NO;
				DEBUG_INFORMATION_FORMAT = "dwarf-with-dsym";
				ENABLE_NS_ASSERTIONS = NO;
				ENABLE_STRICT_OBJC_MSGSEND = YES;
				ENABLE_USER_SCRIPT_SANDBOXING = YES;
				GCC_C_LANGUAGE_STANDARD = gnu17;
				GCC_NO_COMMON_BLOCKS = YES;
				GCC_WARN_64_TO_32_BIT_CONVERSION = YES;
				GCC_WARN_ABOUT_RETURN_TYPE = YES_ERROR;
				GCC_WARN_UNDECLARED_SELECTOR = YES;
				GCC_WARN_UNINITIALIZED_AUTOS = YES_AGGRESSIVE;
				GCC_WARN_UNUSED_FUNCTION = YES;
				GCC_WARN_UNUSED_VARIABLE = YES;
				IPHONEOS_DEPLOYMENT_TARGET = 17.4;
				LOCALIZATION_PREFERS_STRING_CATALOGS = YES;
				MTL_ENABLE_DEBUG_INFO = NO;
				MTL_FAST_MATH = YES;
				SDKROOT = iphoneos;
				SWIFT_COMPILATION_MODE = wholemodule;
				VALIDATE_PRODUCT = YES;
			};
			name = Release;
		};
		A22F75982DDD067900EA0C28 /* Debug */ = {
			isa = XCBuildConfiguration;
			baseConfigurationReference = 5D177804843C66B430480C4D /* Pods-processDevice2.debug.xcconfig */;
			buildSettings = {
				ASSETCATALOG_COMPILER_APPICON_NAME = AppIcon;
				ASSETCATALOG_COMPILER_GLOBAL_ACCENT_COLOR_NAME = AccentColor;
				CODE_SIGN_STYLE = Automatic;
				CURRENT_PROJECT_VERSION = 1;
				DEVELOPMENT_ASSET_PATHS = "\"processDevice2/Preview Content\"";
				DEVELOPMENT_TEAM = PM5RB6UL38;
				ENABLE_PREVIEWS = YES;
				ENABLE_USER_SCRIPT_SANDBOXING = NO;
				GENERATE_INFOPLIST_FILE = YES;
				INFOPLIST_KEY_UIApplicationSceneManifest_Generation = YES;
				INFOPLIST_KEY_UIApplicationSupportsIndirectInputEvents = YES;
				INFOPLIST_KEY_UILaunchScreen_Generation = YES;
				INFOPLIST_KEY_UISupportedInterfaceOrientations_iPad = "UIInterfaceOrientationPortrait UIInterfaceOrientationPortraitUpsideDown UIInterfaceOrientationLandscapeLeft UIInterfaceOrientationLandscapeRight";
				INFOPLIST_KEY_UISupportedInterfaceOrientations_iPhone = "UIInterfaceOrientationPortrait UIInterfaceOrientationLandscapeLeft UIInterfaceOrientationLandscapeRight";
				LD_RUNPATH_SEARCH_PATHS = (
					"$(inherited)",
					"@executable_path/Frameworks",
				);
				MARKETING_VERSION = 1.0;
				PRODUCT_BUNDLE_IDENTIFIER = com.tester.processDevice2;
				PRODUCT_NAME = "$(TARGET_NAME)";
				SWIFT_EMIT_LOC_STRINGS = YES;
				SWIFT_VERSION = 5.0;
				TARGETED_DEVICE_FAMILY = "1,2";
			};
			name = Debug;
		};
		A22F75992DDD067900EA0C28 /* Release */ = {
			isa = XCBuildConfiguration;
			baseConfigurationReference = 3838CB5D70A23779F8918157 /* Pods-processDevice2.release.xcconfig */;
			buildSettings = {
				ASSETCATALOG_COMPILER_APPICON_NAME = AppIcon;
				ASSETCATALOG_COMPILER_GLOBAL_ACCENT_COLOR_NAME = AccentColor;
				CODE_SIGN_STYLE = Automatic;
				CURRENT_PROJECT_VERSION = 1;
				DEVELOPMENT_ASSET_PATHS = "\"processDevice2/Preview Content\"";
				DEVELOPMENT_TEAM = PM5RB6UL38;
				ENABLE_PREVIEWS = YES;
				ENABLE_USER_SCRIPT_SANDBOXING = NO;
				GENERATE_INFOPLIST_FILE = YES;
				INFOPLIST_KEY_UIApplicationSceneManifest_Generation = YES;
				INFOPLIST_KEY_UIApplicationSupportsIndirectInputEvents = YES;
				INFOPLIST_KEY_UILaunchScreen_Generation = YES;
				INFOPLIST_KEY_UISupportedInterfaceOrientations_iPad = "UIInterfaceOrientationPortrait UIInterfaceOrientationPortraitUpsideDown UIInterfaceOrientationLandscapeLeft UIInterfaceOrientationLandscapeRight";
				INFOPLIST_KEY_UISupportedInterfaceOrientations_iPhone = "UIInterfaceOrientationPortrait UIInterfaceOrientationLandscapeLeft UIInterfaceOrientationLandscapeRight";
				LD_RUNPATH_SEARCH_PATHS = (
					"$(inherited)",
					"@executable_path/Frameworks",
				);
				MARKETING_VERSION = 1.0;
				PRODUCT_BUNDLE_IDENTIFIER = com.tester.processDevice2;
				PRODUCT_NAME = "$(TARGET_NAME)";
				SWIFT_EMIT_LOC_STRINGS = YES;
				SWIFT_VERSION = 5.0;
				TARGETED_DEVICE_FAMILY = "1,2";
			};
			name = Release;
		};
/* End XCBuildConfiguration section */

/* Begin XCConfigurationList section */
		A22F75842DDD067600EA0C28 /* Build configuration list for PBXProject "processDevice2" */ = {
			isa = XCConfigurationList;
			buildConfigurations = (
				A22F75952DDD067900EA0C28 /* Debug */,
				A22F75962DDD067900EA0C28 /* Release */,
			);
			defaultConfigurationIsVisible = 0;
			defaultConfigurationName = Release;
		};
		A22F75972DDD067900EA0C28 /* Build configuration list for PBXNativeTarget "processDevice2" */ = {
			isa = XCConfigurationList;
			buildConfigurations = (
				A22F75982DDD067900EA0C28 /* Debug */,
				A22F75992DDD067900EA0C28 /* Release */,
			);
			defaultConfigurationIsVisible = 0;
			defaultConfigurationName = Release;
		};
/* End XCConfigurationList section */
	};
	rootObject = A22F75812DDD067600EA0C28 /* Project object */;
}
